// !$*UTF8*$!
{
	archiveVersion = 1;
	classes = {
	};
	objectVersion = 46;
	objects = {

/* Begin PBXBuildFile section */
		3043D7E81EC7A05700ACB1E2 /* FormattingHelperTests.swift in Sources */ = {isa = PBXBuildFile; fileRef = 3043D7E71EC7A05700ACB1E2 /* FormattingHelperTests.swift */; };
		3043D7EA1EC9735400ACB1E2 /* FormattingHelper.swift in Sources */ = {isa = PBXBuildFile; fileRef = 3043D7E91EC9735400ACB1E2 /* FormattingHelper.swift */; };
		B92F02B11EAE809D007875B1 /* AppDelegate.swift in Sources */ = {isa = PBXBuildFile; fileRef = B92F02B01EAE809D007875B1 /* AppDelegate.swift */; };
		B92F02B31EAE809D007875B1 /* ViewController.swift in Sources */ = {isa = PBXBuildFile; fileRef = B92F02B21EAE809D007875B1 /* ViewController.swift */; };
		B92F02B61EAE809D007875B1 /* Main.storyboard in Resources */ = {isa = PBXBuildFile; fileRef = B92F02B41EAE809D007875B1 /* Main.storyboard */; };
		B92F02B81EAE809D007875B1 /* Assets.xcassets in Resources */ = {isa = PBXBuildFile; fileRef = B92F02B71EAE809D007875B1 /* Assets.xcassets */; };
		B92F02BB1EAE809D007875B1 /* LaunchScreen.storyboard in Resources */ = {isa = PBXBuildFile; fileRef = B92F02B91EAE809D007875B1 /* LaunchScreen.storyboard */; };
/* End PBXBuildFile section */

/* Begin PBXContainerItemProxy section */
		3043D7E21EC7A03100ACB1E2 /* PBXContainerItemProxy */ = {
			isa = PBXContainerItemProxy;
			containerPortal = B92F02A51EAE809D007875B1 /* Project object */;
			proxyType = 1;
			remoteGlobalIDString = B92F02AC1EAE809D007875B1;
			remoteInfo = CodingTextView;
		};
/* End PBXContainerItemProxy section */

/* Begin PBXFileReference section */
		3043D7DD1EC7A03100ACB1E2 /* CodingTextViewTests.xctest */ = {isa = PBXFileReference; explicitFileType = wrapper.cfbundle; includeInIndex = 0; path = CodingTextViewTests.xctest; sourceTree = BUILT_PRODUCTS_DIR; };
		3043D7E11EC7A03100ACB1E2 /* Info.plist */ = {isa = PBXFileReference; lastKnownFileType = text.plist.xml; path = Info.plist; sourceTree = "<group>"; };
		3043D7E71EC7A05700ACB1E2 /* FormattingHelperTests.swift */ = {isa = PBXFileReference; fileEncoding = 4; lastKnownFileType = sourcecode.swift; path = FormattingHelperTests.swift; sourceTree = "<group>"; };
		3043D7E91EC9735400ACB1E2 /* FormattingHelper.swift */ = {isa = PBXFileReference; fileEncoding = 4; lastKnownFileType = sourcecode.swift; path = FormattingHelper.swift; sourceTree = "<group>"; };
		307FC5511EF31C1F00F5E690 /* .gitignore */ = {isa = PBXFileReference; lastKnownFileType = text; path = .gitignore; sourceTree = "<group>"; };
		B92F02AD1EAE809D007875B1 /* CodingTextView.app */ = {isa = PBXFileReference; explicitFileType = wrapper.application; includeInIndex = 0; path = CodingTextView.app; sourceTree = BUILT_PRODUCTS_DIR; };
		B92F02B01EAE809D007875B1 /* AppDelegate.swift */ = {isa = PBXFileReference; lastKnownFileType = sourcecode.swift; path = AppDelegate.swift; sourceTree = "<group>"; };
		B92F02B21EAE809D007875B1 /* ViewController.swift */ = {isa = PBXFileReference; lastKnownFileType = sourcecode.swift; path = ViewController.swift; sourceTree = "<group>"; };
		B92F02B51EAE809D007875B1 /* Base */ = {isa = PBXFileReference; lastKnownFileType = file.storyboard; name = Base; path = Base.lproj/Main.storyboard; sourceTree = "<group>"; };
		B92F02B71EAE809D007875B1 /* Assets.xcassets */ = {isa = PBXFileReference; lastKnownFileType = folder.assetcatalog; path = Assets.xcassets; sourceTree = "<group>"; };
		B92F02BA1EAE809D007875B1 /* Base */ = {isa = PBXFileReference; lastKnownFileType = file.storyboard; name = Base; path = Base.lproj/LaunchScreen.storyboard; sourceTree = "<group>"; };
		B92F02BC1EAE809E007875B1 /* Info.plist */ = {isa = PBXFileReference; lastKnownFileType = text.plist.xml; path = Info.plist; sourceTree = "<group>"; };
/* End PBXFileReference section */

/* Begin PBXFrameworksBuildPhase section */
		3043D7DA1EC7A03100ACB1E2 /* Frameworks */ = {
			isa = PBXFrameworksBuildPhase;
			buildActionMask = 2147483647;
			files = (
			);
			runOnlyForDeploymentPostprocessing = 0;
		};
		B92F02AA1EAE809D007875B1 /* Frameworks */ = {
			isa = PBXFrameworksBuildPhase;
			buildActionMask = 2147483647;
			files = (
			);
			runOnlyForDeploymentPostprocessing = 0;
		};
/* End PBXFrameworksBuildPhase section */

/* Begin PBXGroup section */
		3043D7DE1EC7A03100ACB1E2 /* CodingTextViewTests */ = {
			isa = PBXGroup;
			children = (
				3043D7E71EC7A05700ACB1E2 /* FormattingHelperTests.swift */,
				3043D7E11EC7A03100ACB1E2 /* Info.plist */,
			);
			path = CodingTextViewTests;
			sourceTree = "<group>";
		};
		3043D7EB1EC9743000ACB1E2 /* Supporting */ = {
			isa = PBXGroup;
			children = (
				B92F02B21EAE809D007875B1 /* ViewController.swift */,
				B92F02B41EAE809D007875B1 /* Main.storyboard */,
				B92F02B01EAE809D007875B1 /* AppDelegate.swift */,
				B92F02B71EAE809D007875B1 /* Assets.xcassets */,
				B92F02B91EAE809D007875B1 /* LaunchScreen.storyboard */,
				B92F02BC1EAE809E007875B1 /* Info.plist */,
			);
			name = Supporting;
			sourceTree = "<group>";
		};
		B92F02A41EAE809D007875B1 = {
			isa = PBXGroup;
			children = (
				B92F02AF1EAE809D007875B1 /* CodingTextView */,
				3043D7DE1EC7A03100ACB1E2 /* CodingTextViewTests */,
				B92F02AE1EAE809D007875B1 /* Products */,
				307FC5511EF31C1F00F5E690 /* .gitignore */,
			);
			sourceTree = "<group>";
		};
		B92F02AE1EAE809D007875B1 /* Products */ = {
			isa = PBXGroup;
			children = (
				B92F02AD1EAE809D007875B1 /* CodingTextView.app */,
				3043D7DD1EC7A03100ACB1E2 /* CodingTextViewTests.xctest */,
			);
			name = Products;
			sourceTree = "<group>";
		};
		B92F02AF1EAE809D007875B1 /* CodingTextView */ = {
			isa = PBXGroup;
			children = (
				3043D7EB1EC9743000ACB1E2 /* Supporting */,
				3043D7E91EC9735400ACB1E2 /* FormattingHelper.swift */,
			);
			path = CodingTextView;
			sourceTree = "<group>";
		};
/* End PBXGroup section */

/* Begin PBXNativeTarget section */
		3043D7DC1EC7A03100ACB1E2 /* CodingTextViewTests */ = {
			isa = PBXNativeTarget;
			buildConfigurationList = 3043D7E41EC7A03100ACB1E2 /* Build configuration list for PBXNativeTarget "CodingTextViewTests" */;
			buildPhases = (
				3043D7D91EC7A03100ACB1E2 /* Sources */,
				3043D7DA1EC7A03100ACB1E2 /* Frameworks */,
				3043D7DB1EC7A03100ACB1E2 /* Resources */,
			);
			buildRules = (
			);
			dependencies = (
				3043D7E31EC7A03100ACB1E2 /* PBXTargetDependency */,
			);
			name = CodingTextViewTests;
			productName = CodingTextViewTests;
			productReference = 3043D7DD1EC7A03100ACB1E2 /* CodingTextViewTests.xctest */;
			productType = "com.apple.product-type.bundle.unit-test";
		};
		B92F02AC1EAE809D007875B1 /* CodingTextView */ = {
			isa = PBXNativeTarget;
			buildConfigurationList = B92F02BF1EAE809E007875B1 /* Build configuration list for PBXNativeTarget "CodingTextView" */;
			buildPhases = (
				B92F02A91EAE809D007875B1 /* Sources */,
				B92F02AA1EAE809D007875B1 /* Frameworks */,
				B92F02AB1EAE809D007875B1 /* Resources */,
			);
			buildRules = (
			);
			dependencies = (
			);
			name = CodingTextView;
			productName = CodingTextView;
			productReference = B92F02AD1EAE809D007875B1 /* CodingTextView.app */;
			productType = "com.apple.product-type.application";
		};
/* End PBXNativeTarget section */

/* Begin PBXProject section */
		B92F02A51EAE809D007875B1 /* Project object */ = {
			isa = PBXProject;
			attributes = {
				LastSwiftUpdateCheck = 0830;
				LastUpgradeCheck = 1010;
				ORGANIZATIONNAME = "Lennart Wisbar";
				TargetAttributes = {
					3043D7DC1EC7A03100ACB1E2 = {
						CreatedOnToolsVersion = 8.3.2;
						DevelopmentTeam = 9SPL76B3GR;
						LastSwiftMigration = 1010;
						ProvisioningStyle = Automatic;
						TestTargetID = B92F02AC1EAE809D007875B1;
					};
					B92F02AC1EAE809D007875B1 = {
						CreatedOnToolsVersion = 8.2.1;
						DevelopmentTeam = 9SPL76B3GR;
						LastSwiftMigration = 1010;
						ProvisioningStyle = Automatic;
					};
				};
			};
			buildConfigurationList = B92F02A81EAE809D007875B1 /* Build configuration list for PBXProject "CodingTextView" */;
			compatibilityVersion = "Xcode 3.2";
			developmentRegion = English;
			hasScannedForEncodings = 0;
			knownRegions = (
				en,
				Base,
			);
			mainGroup = B92F02A41EAE809D007875B1;
			productRefGroup = B92F02AE1EAE809D007875B1 /* Products */;
			projectDirPath = "";
			projectRoot = "";
			targets = (
				B92F02AC1EAE809D007875B1 /* CodingTextView */,
				3043D7DC1EC7A03100ACB1E2 /* CodingTextViewTests */,
			);
		};
/* End PBXProject section */

/* Begin PBXResourcesBuildPhase section */
		3043D7DB1EC7A03100ACB1E2 /* Resources */ = {
			isa = PBXResourcesBuildPhase;
			buildActionMask = 2147483647;
			files = (
			);
			runOnlyForDeploymentPostprocessing = 0;
		};
		B92F02AB1EAE809D007875B1 /* Resources */ = {
			isa = PBXResourcesBuildPhase;
			buildActionMask = 2147483647;
			files = (
				B92F02BB1EAE809D007875B1 /* LaunchScreen.storyboard in Resources */,
				B92F02B81EAE809D007875B1 /* Assets.xcassets in Resources */,
				B92F02B61EAE809D007875B1 /* Main.storyboard in Resources */,
			);
			runOnlyForDeploymentPostprocessing = 0;
		};
/* End PBXResourcesBuildPhase section */

/* Begin PBXSourcesBuildPhase section */
		3043D7D91EC7A03100ACB1E2 /* Sources */ = {
			isa = PBXSourcesBuildPhase;
			buildActionMask = 2147483647;
			files = (
				3043D7E81EC7A05700ACB1E2 /* FormattingHelperTests.swift in Sources */,
			);
			runOnlyForDeploymentPostprocessing = 0;
		};
		B92F02A91EAE809D007875B1 /* Sources */ = {
			isa = PBXSourcesBuildPhase;
			buildActionMask = 2147483647;
			files = (
				B92F02B31EAE809D007875B1 /* ViewController.swift in Sources */,
				B92F02B11EAE809D007875B1 /* AppDelegate.swift in Sources */,
				3043D7EA1EC9735400ACB1E2 /* FormattingHelper.swift in Sources */,
			);
			runOnlyForDeploymentPostprocessing = 0;
		};
/* End PBXSourcesBuildPhase section */

/* Begin PBXTargetDependency section */
		3043D7E31EC7A03100ACB1E2 /* PBXTargetDependency */ = {
			isa = PBXTargetDependency;
			target = B92F02AC1EAE809D007875B1 /* CodingTextView */;
			targetProxy = 3043D7E21EC7A03100ACB1E2 /* PBXContainerItemProxy */;
		};
/* End PBXTargetDependency section */

/* Begin PBXVariantGroup section */
		B92F02B41EAE809D007875B1 /* Main.storyboard */ = {
			isa = PBXVariantGroup;
			children = (
				B92F02B51EAE809D007875B1 /* Base */,
			);
			name = Main.storyboard;
			sourceTree = "<group>";
		};
		B92F02B91EAE809D007875B1 /* LaunchScreen.storyboard */ = {
			isa = PBXVariantGroup;
			children = (
				B92F02BA1EAE809D007875B1 /* Base */,
			);
			name = LaunchScreen.storyboard;
			sourceTree = "<group>";
		};
/* End PBXVariantGroup section */

/* Begin XCBuildConfiguration section */
		3043D7E51EC7A03100ACB1E2 /* Debug */ = {
			isa = XCBuildConfiguration;
			buildSettings = {
				BUNDLE_LOADER = "$(TEST_HOST)";
				CLANG_ANALYZER_NUMBER_OBJECT_CONVERSION = YES_AGGRESSIVE;
				DEVELOPMENT_TEAM = 9SPL76B3GR;
				INFOPLIST_FILE = CodingTextViewTests/Info.plist;
				IPHONEOS_DEPLOYMENT_TARGET = 10.3;
				LD_RUNPATH_SEARCH_PATHS = "$(inherited) @executable_path/Frameworks @loader_path/Frameworks";
				PRODUCT_BUNDLE_IDENTIFIER = de.lennartwisbar.CodingTextViewTests;
				PRODUCT_NAME = "$(TARGET_NAME)";
				SWIFT_SWIFT3_OBJC_INFERENCE = Default;
				SWIFT_VERSION = 4.2;
				TEST_HOST = "$(BUILT_PRODUCTS_DIR)/CodingTextView.app/CodingTextView";
			};
			name = Debug;
		};
		3043D7E61EC7A03100ACB1E2 /* Release */ = {
			isa = XCBuildConfiguration;
			buildSettings = {
				BUNDLE_LOADER = "$(TEST_HOST)";
				CLANG_ANALYZER_NUMBER_OBJECT_CONVERSION = YES_AGGRESSIVE;
				DEVELOPMENT_TEAM = 9SPL76B3GR;
				INFOPLIST_FILE = CodingTextViewTests/Info.plist;
				IPHONEOS_DEPLOYMENT_TARGET = 10.3;
				LD_RUNPATH_SEARCH_PATHS = "$(inherited) @executable_path/Frameworks @loader_path/Frameworks";
				PRODUCT_BUNDLE_IDENTIFIER = de.lennartwisbar.CodingTextViewTests;
				PRODUCT_NAME = "$(TARGET_NAME)";
				SWIFT_SWIFT3_OBJC_INFERENCE = Default;
				SWIFT_VERSION = 4.2;
				TEST_HOST = "$(BUILT_PRODUCTS_DIR)/CodingTextView.app/CodingTextView";
			};
			name = Release;
		};
		B92F02BD1EAE809E007875B1 /* Debug */ = {
			isa = XCBuildConfiguration;
			buildSettings = {
				ALWAYS_SEARCH_USER_PATHS = NO;
				CLANG_ANALYZER_NONNULL = YES;
				CLANG_CXX_LANGUAGE_STANDARD = "gnu++0x";
				CLANG_CXX_LIBRARY = "libc++";
				CLANG_ENABLE_MODULES = YES;
				CLANG_ENABLE_OBJC_ARC = YES;
				CLANG_WARN_BLOCK_CAPTURE_AUTORELEASING = YES;
				CLANG_WARN_BOOL_CONVERSION = YES;
				CLANG_WARN_COMMA = YES;
				CLANG_WARN_CONSTANT_CONVERSION = YES;
				CLANG_WARN_DEPRECATED_OBJC_IMPLEMENTATIONS = YES;
				CLANG_WARN_DIRECT_OBJC_ISA_USAGE = YES_ERROR;
				CLANG_WARN_DOCUMENTATION_COMMENTS = YES;
				CLANG_WARN_EMPTY_BODY = YES;
				CLANG_WARN_ENUM_CONVERSION = YES;
				CLANG_WARN_INFINITE_RECURSION = YES;
				CLANG_WARN_INT_CONVERSION = YES;
				CLANG_WARN_NON_LITERAL_NULL_CONVERSION = YES;
				CLANG_WARN_OBJC_IMPLICIT_RETAIN_SELF = YES;
				CLANG_WARN_OBJC_LITERAL_CONVERSION = YES;
				CLANG_WARN_OBJC_ROOT_CLASS = YES_ERROR;
				CLANG_WARN_RANGE_LOOP_ANALYSIS = YES;
				CLANG_WARN_STRICT_PROTOTYPES = YES;
				CLANG_WARN_SUSPICIOUS_MOVE = YES;
				CLANG_WARN_UNREACHABLE_CODE = YES;
				CLANG_WARN__DUPLICATE_METHOD_MATCH = YES;
				"CODE_SIGN_IDENTITY[sdk=iphoneos*]" = "iPhone Developer";
				COPY_PHASE_STRIP = NO;
				DEBUG_INFORMATION_FORMAT = dwarf;
				ENABLE_STRICT_OBJC_MSGSEND = YES;
				ENABLE_TESTABILITY = YES;
				GCC_C_LANGUAGE_STANDARD = gnu99;
				GCC_DYNAMIC_NO_PIC = NO;
				GCC_NO_COMMON_BLOCKS = YES;
				GCC_OPTIMIZATION_LEVEL = 0;
				GCC_PREPROCESSOR_DEFINITIONS = (
					"DEBUG=1",
					"$(inherited)",
				);
				GCC_WARN_64_TO_32_BIT_CONVERSION = YES;
				GCC_WARN_ABOUT_RETURN_TYPE = YES_ERROR;
				GCC_WARN_UNDECLARED_SELECTOR = YES;
				GCC_WARN_UNINITIALIZED_AUTOS = YES_AGGRESSIVE;
				GCC_WARN_UNUSED_FUNCTION = YES;
				GCC_WARN_UNUSED_VARIABLE = YES;
				IPHONEOS_DEPLOYMENT_TARGET = 10.2;
				MTL_ENABLE_DEBUG_INFO = YES;
				ONLY_ACTIVE_ARCH = YES;
				SDKROOT = iphoneos;
				SWIFT_ACTIVE_COMPILATION_CONDITIONS = DEBUG;
				SWIFT_OPTIMIZATION_LEVEL = "-Onone";
				SWIFT_VERSION = 4.2;
				TARGETED_DEVICE_FAMILY = "1,2";
			};
			name = Debug;
		};
		B92F02BE1EAE809E007875B1 /* Release */ = {
			isa = XCBuildConfiguration;
			buildSettings = {
				ALWAYS_SEARCH_USER_PATHS = NO;
				CLANG_ANALYZER_NONNULL = YES;
				CLANG_CXX_LANGUAGE_STANDARD = "gnu++0x";
				CLANG_CXX_LIBRARY = "libc++";
				CLANG_ENABLE_MODULES = YES;
				CLANG_ENABLE_OBJC_ARC = YES;
				CLANG_WARN_BLOCK_CAPTURE_AUTORELEASING = YES;
				CLANG_WARN_BOOL_CONVERSION = YES;
				CLANG_WARN_COMMA = YES;
				CLANG_WARN_CONSTANT_CONVERSION = YES;
				CLANG_WARN_DEPRECATED_OBJC_IMPLEMENTATIONS = YES;
				CLANG_WARN_DIRECT_OBJC_ISA_USAGE = YES_ERROR;
				CLANG_WARN_DOCUMENTATION_COMMENTS = YES;
				CLANG_WARN_EMPTY_BODY = YES;
				CLANG_WARN_ENUM_CONVERSION = YES;
				CLANG_WARN_INFINITE_RECURSION = YES;
				CLANG_WARN_INT_CONVERSION = YES;
				CLANG_WARN_NON_LITERAL_NULL_CONVERSION = YES;
				CLANG_WARN_OBJC_IMPLICIT_RETAIN_SELF = YES;
				CLANG_WARN_OBJC_LITERAL_CONVERSION = YES;
				CLANG_WARN_OBJC_ROOT_CLASS = YES_ERROR;
				CLANG_WARN_RANGE_LOOP_ANALYSIS = YES;
				CLANG_WARN_STRICT_PROTOTYPES = YES;
				CLANG_WARN_SUSPICIOUS_MOVE = YES;
				CLANG_WARN_UNREACHABLE_CODE = YES;
				CLANG_WARN__DUPLICATE_METHOD_MATCH = YES;
				"CODE_SIGN_IDENTITY[sdk=iphoneos*]" = "iPhone Developer";
				COPY_PHASE_STRIP = NO;
				DEBUG_INFORMATION_FORMAT = "dwarf-with-dsym";
				ENABLE_NS_ASSERTIONS = NO;
				ENABLE_STRICT_OBJC_MSGSEND = YES;
				GCC_C_LANGUAGE_STANDARD = gnu99;
				GCC_NO_COMMON_BLOCKS = YES;
				GCC_WARN_64_TO_32_BIT_CONVERSION = YES;
				GCC_WARN_ABOUT_RETURN_TYPE = YES_ERROR;
				GCC_WARN_UNDECLARED_SELECTOR = YES;
				GCC_WARN_UNINITIALIZED_AUTOS = YES_AGGRESSIVE;
				GCC_WARN_UNUSED_FUNCTION = YES;
				GCC_WARN_UNUSED_VARIABLE = YES;
				IPHONEOS_DEPLOYMENT_TARGET = 10.2;
				MTL_ENABLE_DEBUG_INFO = NO;
				SDKROOT = iphoneos;
				SWIFT_OPTIMIZATION_LEVEL = "-Owholemodule";
				SWIFT_VERSION = 4.2;
				TARGETED_DEVICE_FAMILY = "1,2";
				VALIDATE_PRODUCT = YES;
			};
			name = Release;
		};
		B92F02C01EAE809E007875B1 /* Debug */ = {
			isa = XCBuildConfiguration;
			buildSettings = {
				ASSETCATALOG_COMPILER_APPICON_NAME = AppIcon;
				DEVELOPMENT_TEAM = 9SPL76B3GR;
				INFOPLIST_FILE = CodingTextView/Info.plist;
				LD_RUNPATH_SEARCH_PATHS = "$(inherited) @executable_path/Frameworks";
				PRODUCT_BUNDLE_IDENTIFIER = de.lennartwisbar.CodingTextView;
				PRODUCT_NAME = "$(TARGET_NAME)";
				SWIFT_SWIFT3_OBJC_INFERENCE = Default;
				SWIFT_VERSION = 4.2;
			};
			name = Debug;
		};
		B92F02C11EAE809E007875B1 /* Release */ = {
			isa = XCBuildConfiguration;
			buildSettings = {
				ASSETCATALOG_COMPILER_APPICON_NAME = AppIcon;
				DEVELOPMENT_TEAM = 9SPL76B3GR;
				INFOPLIST_FILE = CodingTextView/Info.plist;
				LD_RUNPATH_SEARCH_PATHS = "$(inherited) @executable_path/Frameworks";
				PRODUCT_BUNDLE_IDENTIFIER = de.lennartwisbar.CodingTextView;
				PRODUCT_NAME = "$(TARGET_NAME)";
				SWIFT_SWIFT3_OBJC_INFERENCE = Default;
				SWIFT_VERSION = 4.2;
			};
			name = Release;
		};
/* End XCBuildConfiguration section */

/* Begin XCConfigurationList section */
		3043D7E41EC7A03100ACB1E2 /* Build configuration list for PBXNativeTarget "CodingTextViewTests" */ = {
			isa = XCConfigurationList;
			buildConfigurations = (
				3043D7E51EC7A03100ACB1E2 /* Debug */,
				3043D7E61EC7A03100ACB1E2 /* Release */,
			);
			defaultConfigurationIsVisible = 0;
			defaultConfigurationName = Release;
		};
		B92F02A81EAE809D007875B1 /* Build configuration list for PBXProject "CodingTextView" */ = {
			isa = XCConfigurationList;
			buildConfigurations = (
				B92F02BD1EAE809E007875B1 /* Debug */,
				B92F02BE1EAE809E007875B1 /* Release */,
			);
			defaultConfigurationIsVisible = 0;
			defaultConfigurationName = Release;
		};
		B92F02BF1EAE809E007875B1 /* Build configuration list for PBXNativeTarget "CodingTextView" */ = {
			isa = XCConfigurationList;
			buildConfigurations = (
				B92F02C01EAE809E007875B1 /* Debug */,
				B92F02C11EAE809E007875B1 /* Release */,
			);
			defaultConfigurationIsVisible = 0;
			defaultConfigurationName = Release;
		};
/* End XCConfigurationList section */
	};
	rootObject = B92F02A51EAE809D007875B1 /* Project object */;
}
